{
  "name": "npm",
  "version": "1.0.0",
  "lockfileVersion": 3,
  "requires": true,
  "packages": {
    "": {
      "name": "npm",
      "version": "1.0.0",
      "license": "ISC",
      "dependencies": {
        "react-router": "file:../test/react-router"
      }
    },
    "../test/react-router": {
      "version": "6.17.0",
      "license": "MIT",
      "dependencies": {
        "@remix-run/router": "1.10.0"
      },
      "devDependencies": {
        "react": "^18.2.0"
      },
      "engines": {
        "node": ">=14.0.0"
      },
      "peerDependencies": {
        "react": ">=16.8"
      }
    },
    "node_modules/react-router": {
      "resolved": "../test/react-router",
      "link": true
    }
  }
}
