# THIS IS AN AUTOGENERATED FILE. DO NOT EDIT THIS FILE DIRECTLY.
# yarn lockfile v1


"@huzl/test-func-demo-package@^1.0.0":
  version "1.0.0"
  resolved "https://registry.npmjs.org/@huzl/test-func-demo-package/-/test-func-demo-package-1.0.0.tgz#cab7ab942f847933421adea1d46f4c82b3012076"
  integrity sha512-g9OLCnMA48SbxDlgLL1ZX8h3WAdTqRJqUOj4YrVNDBfDa6CfFfdYyew6tuHTpulXVSVrSiDhPjP7KZL47K0BMw==
